// !$*UTF8*$!
{
	archiveVersion = 1;
	classes = {
	};
	objectVersion = 55;
	objects = {

/* Begin PBXBuildFile section */
		2F8707479B5048F1774D098D /* Pods_GithubViewer.framework in Frameworks */ = {isa = PBXBuildFile; fileRef = 14DFC96BEF10C20187420653 /* Pods_GithubViewer.framework */; };
		6BB6026C298A84D300F8C24D /* AppDelegate.swift in Sources */ = {isa = PBXBuildFile; fileRef = 6BB6026B298A84D300F8C24D /* AppDelegate.swift */; };
		6BB6026E298A84D300F8C24D /* SceneDelegate.swift in Sources */ = {isa = PBXBuildFile; fileRef = 6BB6026D298A84D300F8C24D /* SceneDelegate.swift */; };
		6BB60275298A84D400F8C24D /* Assets.xcassets in Resources */ = {isa = PBXBuildFile; fileRef = 6BB60274298A84D400F8C24D /* Assets.xcassets */; };
		6BB60278298A84D400F8C24D /* LaunchScreen.storyboard in Resources */ = {isa = PBXBuildFile; fileRef = 6BB60276298A84D400F8C24D /* LaunchScreen.storyboard */; };
		6BB6028F298A8A7C00F8C24D /* BaseView.swift in Sources */ = {isa = PBXBuildFile; fileRef = 6BB6028D298A8A7C00F8C24D /* BaseView.swift */; };
		6BB60290298A8A7C00F8C24D /* BaseTableCell.swift in Sources */ = {isa = PBXBuildFile; fileRef = 6BB6028E298A8A7C00F8C24D /* BaseTableCell.swift */; };
		6BB60293298A8A8700F8C24D /* ProfileScreenView.swift in Sources */ = {isa = PBXBuildFile; fileRef = 6BB60291298A8A8700F8C24D /* ProfileScreenView.swift */; };
		6BB60294298A8A8700F8C24D /* ProfileViewController.swift in Sources */ = {isa = PBXBuildFile; fileRef = 6BB60292298A8A8700F8C24D /* ProfileViewController.swift */; };
		6BB60297298A8A8F00F8C24D /* SearchViewController.swift in Sources */ = {isa = PBXBuildFile; fileRef = 6BB60295298A8A8F00F8C24D /* SearchViewController.swift */; };
		6BB60298298A8A8F00F8C24D /* SearchScreenView.swift in Sources */ = {isa = PBXBuildFile; fileRef = 6BB60296298A8A8F00F8C24D /* SearchScreenView.swift */; };
		6BB6029B298A8AA400F8C24D /* Repository.swift in Sources */ = {isa = PBXBuildFile; fileRef = 6BB60299298A8AA400F8C24D /* Repository.swift */; };
		6BB6029C298A8AA400F8C24D /* User.swift in Sources */ = {isa = PBXBuildFile; fileRef = 6BB6029A298A8AA400F8C24D /* User.swift */; };
		6BB6029E298A8AB300F8C24D /* UIView+Extension.swift in Sources */ = {isa = PBXBuildFile; fileRef = 6BB6029D298A8AB300F8C24D /* UIView+Extension.swift */; };
/* End PBXBuildFile section */

/* Begin PBXFileReference section */
		14DFC96BEF10C20187420653 /* Pods_GithubViewer.framework */ = {isa = PBXFileReference; explicitFileType = wrapper.framework; includeInIndex = 0; path = Pods_GithubViewer.framework; sourceTree = BUILT_PRODUCTS_DIR; };
		6BB60268298A84D300F8C24D /* GithubViewer.app */ = {isa = PBXFileReference; explicitFileType = wrapper.application; includeInIndex = 0; path = GithubViewer.app; sourceTree = BUILT_PRODUCTS_DIR; };
		6BB6026B298A84D300F8C24D /* AppDelegate.swift */ = {isa = PBXFileReference; lastKnownFileType = sourcecode.swift; path = AppDelegate.swift; sourceTree = "<group>"; };
		6BB6026D298A84D300F8C24D /* SceneDelegate.swift */ = {isa = PBXFileReference; lastKnownFileType = sourcecode.swift; path = SceneDelegate.swift; sourceTree = "<group>"; };
		6BB60274298A84D400F8C24D /* Assets.xcassets */ = {isa = PBXFileReference; lastKnownFileType = folder.assetcatalog; path = Assets.xcassets; sourceTree = "<group>"; };
		6BB60277298A84D400F8C24D /* Base */ = {isa = PBXFileReference; lastKnownFileType = file.storyboard; name = Base; path = Base.lproj/LaunchScreen.storyboard; sourceTree = "<group>"; };
		6BB60279298A84D400F8C24D /* Info.plist */ = {isa = PBXFileReference; lastKnownFileType = text.plist.xml; path = Info.plist; sourceTree = "<group>"; };
		6BB6028D298A8A7C00F8C24D /* BaseView.swift */ = {isa = PBXFileReference; fileEncoding = 4; lastKnownFileType = sourcecode.swift; path = BaseView.swift; sourceTree = "<group>"; };
		6BB6028E298A8A7C00F8C24D /* BaseTableCell.swift */ = {isa = PBXFileReference; fileEncoding = 4; lastKnownFileType = sourcecode.swift; path = BaseTableCell.swift; sourceTree = "<group>"; };
		6BB60291298A8A8700F8C24D /* ProfileScreenView.swift */ = {isa = PBXFileReference; fileEncoding = 4; lastKnownFileType = sourcecode.swift; path = ProfileScreenView.swift; sourceTree = "<group>"; };
		6BB60292298A8A8700F8C24D /* ProfileViewController.swift */ = {isa = PBXFileReference; fileEncoding = 4; lastKnownFileType = sourcecode.swift; path = ProfileViewController.swift; sourceTree = "<group>"; };
		6BB60295298A8A8F00F8C24D /* SearchViewController.swift */ = {isa = PBXFileReference; fileEncoding = 4; lastKnownFileType = sourcecode.swift; path = SearchViewController.swift; sourceTree = "<group>"; };
		6BB60296298A8A8F00F8C24D /* SearchScreenView.swift */ = {isa = PBXFileReference; fileEncoding = 4; lastKnownFileType = sourcecode.swift; path = SearchScreenView.swift; sourceTree = "<group>"; };
		6BB60299298A8AA400F8C24D /* Repository.swift */ = {isa = PBXFileReference; fileEncoding = 4; lastKnownFileType = sourcecode.swift; path = Repository.swift; sourceTree = "<group>"; };
		6BB6029A298A8AA400F8C24D /* User.swift */ = {isa = PBXFileReference; fileEncoding = 4; lastKnownFileType = sourcecode.swift; path = User.swift; sourceTree = "<group>"; };
		6BB6029D298A8AB300F8C24D /* UIView+Extension.swift */ = {isa = PBXFileReference; fileEncoding = 4; lastKnownFileType = sourcecode.swift; path = "UIView+Extension.swift"; sourceTree = "<group>"; };
		AFABF2969D28DBF7E8B2924F /* Pods-GithubViewer.debug.xcconfig */ = {isa = PBXFileReference; includeInIndex = 1; lastKnownFileType = text.xcconfig; name = "Pods-GithubViewer.debug.xcconfig"; path = "Target Support Files/Pods-GithubViewer/Pods-GithubViewer.debug.xcconfig"; sourceTree = "<group>"; };
		D106963E6A7E17FC388907A0 /* Pods-GithubViewer.release.xcconfig */ = {isa = PBXFileReference; includeInIndex = 1; lastKnownFileType = text.xcconfig; name = "Pods-GithubViewer.release.xcconfig"; path = "Target Support Files/Pods-GithubViewer/Pods-GithubViewer.release.xcconfig"; sourceTree = "<group>"; };
/* End PBXFileReference section */

/* Begin PBXFrameworksBuildPhase section */
		6BB60265298A84D300F8C24D /* Frameworks */ = {
			isa = PBXFrameworksBuildPhase;
			buildActionMask = 2147483647;
			files = (
				2F8707479B5048F1774D098D /* Pods_GithubViewer.framework in Frameworks */,
			);
			runOnlyForDeploymentPostprocessing = 0;
		};
/* End PBXFrameworksBuildPhase section */

/* Begin PBXGroup section */
		6BB6025F298A84D300F8C24D = {
			isa = PBXGroup;
			children = (
				6BB6026A298A84D300F8C24D /* GithubViewer */,
				6BB60269298A84D300F8C24D /* Products */,
				882F4855BFA453CA3FCCA3C1 /* Pods */,
				B8724D10F2F0007F1B6952F9 /* Frameworks */,
			);
			sourceTree = "<group>";
		};
		6BB60269298A84D300F8C24D /* Products */ = {
			isa = PBXGroup;
			children = (
				6BB60268298A84D300F8C24D /* GithubViewer.app */,
			);
			name = Products;
			sourceTree = "<group>";
		};
		6BB6026A298A84D300F8C24D /* GithubViewer */ = {
			isa = PBXGroup;
			children = (
				6BB60283298A884200F8C24D /* ViewModel */,
				6BB60282298A883D00F8C24D /* Model */,
				6BB60281298A883900F8C24D /* View */,
				6BB60280298A883200F8C24D /* Resources */,
				6BB6027F298A882400F8C24D /* Delegates */,
				6BB60279298A84D400F8C24D /* Info.plist */,
			);
			path = GithubViewer;
			sourceTree = "<group>";
		};
		6BB6027F298A882400F8C24D /* Delegates */ = {
			isa = PBXGroup;
			children = (
				6BB6026B298A84D300F8C24D /* AppDelegate.swift */,
				6BB6026D298A84D300F8C24D /* SceneDelegate.swift */,
			);
			path = Delegates;
			sourceTree = "<group>";
		};
		6BB60280298A883200F8C24D /* Resources */ = {
			isa = PBXGroup;
			children = (
				6BB60274298A84D400F8C24D /* Assets.xcassets */,
				6BB60276298A84D400F8C24D /* LaunchScreen.storyboard */,
				6BB6029D298A8AB300F8C24D /* UIView+Extension.swift */,
			);
			path = Resources;
			sourceTree = "<group>";
		};
		6BB60281298A883900F8C24D /* View */ = {
			isa = PBXGroup;
			children = (
				6BB60287298A89E800F8C24D /* Base */,
				6BB60284298A89D000F8C24D /* Controller */,
			);
			path = View;
			sourceTree = "<group>";
		};
		6BB60282298A883D00F8C24D /* Model */ = {
			isa = PBXGroup;
			children = (
				6BB60299298A8AA400F8C24D /* Repository.swift */,
				6BB6029A298A8AA400F8C24D /* User.swift */,
			);
			path = Model;
			sourceTree = "<group>";
		};
		6BB60283298A884200F8C24D /* ViewModel */ = {
			isa = PBXGroup;
			children = (
			);
			path = ViewModel;
			sourceTree = "<group>";
		};
		6BB60284298A89D000F8C24D /* Controller */ = {
			isa = PBXGroup;
			children = (
				6BB60286298A89E200F8C24D /* Profile */,
				6BB60285298A89DC00F8C24D /* Search */,
			);
			path = Controller;
			sourceTree = "<group>";
		};
		6BB60285298A89DC00F8C24D /* Search */ = {
			isa = PBXGroup;
			children = (
				6BB60296298A8A8F00F8C24D /* SearchScreenView.swift */,
				6BB60295298A8A8F00F8C24D /* SearchViewController.swift */,
			);
			path = Search;
			sourceTree = "<group>";
		};
		6BB60286298A89E200F8C24D /* Profile */ = {
			isa = PBXGroup;
			children = (
				6BB60291298A8A8700F8C24D /* ProfileScreenView.swift */,
				6BB60292298A8A8700F8C24D /* ProfileViewController.swift */,
			);
			path = Profile;
			sourceTree = "<group>";
		};
		6BB60287298A89E800F8C24D /* Base */ = {
			isa = PBXGroup;
			children = (
				6BB6028E298A8A7C00F8C24D /* BaseTableCell.swift */,
				6BB6028D298A8A7C00F8C24D /* BaseView.swift */,
			);
			path = Base;
			sourceTree = "<group>";
		};
		882F4855BFA453CA3FCCA3C1 /* Pods */ = {
			isa = PBXGroup;
			children = (
				AFABF2969D28DBF7E8B2924F /* Pods-GithubViewer.debug.xcconfig */,
				D106963E6A7E17FC388907A0 /* Pods-GithubViewer.release.xcconfig */,
			);
			name = Pods;
			path = Pods;
			sourceTree = "<group>";
		};
		B8724D10F2F0007F1B6952F9 /* Frameworks */ = {
			isa = PBXGroup;
			children = (
				14DFC96BEF10C20187420653 /* Pods_GithubViewer.framework */,
			);
			name = Frameworks;
			sourceTree = "<group>";
		};
/* End PBXGroup section */

/* Begin PBXNativeTarget section */
		6BB60267298A84D300F8C24D /* GithubViewer */ = {
			isa = PBXNativeTarget;
			buildConfigurationList = 6BB6027C298A84D400F8C24D /* Build configuration list for PBXNativeTarget "GithubViewer" */;
			buildPhases = (
				E3ECB4390E2AAFCF2AE58DEC /* [CP] Check Pods Manifest.lock */,
				6BB60264298A84D300F8C24D /* Sources */,
				6BB60265298A84D300F8C24D /* Frameworks */,
				6BB60266298A84D300F8C24D /* Resources */,
				9FE7E5B1B552FABDF8CACE2A /* [CP] Embed Pods Frameworks */,
			);
			buildRules = (
			);
			dependencies = (
			);
			name = GithubViewer;
			productName = GithubViewer;
			productReference = 6BB60268298A84D300F8C24D /* GithubViewer.app */;
			productType = "com.apple.product-type.application";
		};
/* End PBXNativeTarget section */

/* Begin PBXProject section */
		6BB60260298A84D300F8C24D /* Project object */ = {
			isa = PBXProject;
			attributes = {
				BuildIndependentTargetsInParallel = 1;
				LastSwiftUpdateCheck = 1340;
				LastUpgradeCheck = 1340;
				TargetAttributes = {
					6BB60267298A84D300F8C24D = {
						CreatedOnToolsVersion = 13.4.1;
					};
				};
			};
			buildConfigurationList = 6BB60263298A84D300F8C24D /* Build configuration list for PBXProject "GithubViewer" */;
			compatibilityVersion = "Xcode 13.0";
			developmentRegion = en;
			hasScannedForEncodings = 0;
			knownRegions = (
				en,
				Base,
			);
			mainGroup = 6BB6025F298A84D300F8C24D;
			productRefGroup = 6BB60269298A84D300F8C24D /* Products */;
			projectDirPath = "";
			projectRoot = "";
			targets = (
				6BB60267298A84D300F8C24D /* GithubViewer */,
			);
		};
/* End PBXProject section */

/* Begin PBXResourcesBuildPhase section */
		6BB60266298A84D300F8C24D /* Resources */ = {
			isa = PBXResourcesBuildPhase;
			buildActionMask = 2147483647;
			files = (
				6BB60278298A84D400F8C24D /* LaunchScreen.storyboard in Resources */,
				6BB60275298A84D400F8C24D /* Assets.xcassets in Resources */,
			);
			runOnlyForDeploymentPostprocessing = 0;
		};
/* End PBXResourcesBuildPhase section */

/* Begin PBXShellScriptBuildPhase section */
		9FE7E5B1B552FABDF8CACE2A /* [CP] Embed Pods Frameworks */ = {
			isa = PBXShellScriptBuildPhase;
			buildActionMask = 2147483647;
			files = (
			);
			inputFileListPaths = (
				"${PODS_ROOT}/Target Support Files/Pods-GithubViewer/Pods-GithubViewer-frameworks-${CONFIGURATION}-input-files.xcfilelist",
			);
			name = "[CP] Embed Pods Frameworks";
			outputFileListPaths = (
				"${PODS_ROOT}/Target Support Files/Pods-GithubViewer/Pods-GithubViewer-frameworks-${CONFIGURATION}-output-files.xcfilelist",
			);
			runOnlyForDeploymentPostprocessing = 0;
			shellPath = /bin/sh;
			shellScript = "\"${PODS_ROOT}/Target Support Files/Pods-GithubViewer/Pods-GithubViewer-frameworks.sh\"\n";
			showEnvVarsInLog = 0;
		};
		E3ECB4390E2AAFCF2AE58DEC /* [CP] Check Pods Manifest.lock */ = {
			isa = PBXShellScriptBuildPhase;
			buildActionMask = 2147483647;
			files = (
			);
			inputFileListPaths = (
			);
			inputPaths = (
				"${PODS_PODFILE_DIR_PATH}/Podfile.lock",
				"${PODS_ROOT}/Manifest.lock",
			);
			name = "[CP] Check Pods Manifest.lock";
			outputFileListPaths = (
			);
			outputPaths = (
				"$(DERIVED_FILE_DIR)/Pods-GithubViewer-checkManifestLockResult.txt",
			);
			runOnlyForDeploymentPostprocessing = 0;
			shellPath = /bin/sh;
			shellScript = "diff \"${PODS_PODFILE_DIR_PATH}/Podfile.lock\" \"${PODS_ROOT}/Manifest.lock\" > /dev/null\nif [ $? != 0 ] ; then\n    # print error to STDERR\n    echo \"error: The sandbox is not in sync with the Podfile.lock. Run 'pod install' or update your CocoaPods installation.\" >&2\n    exit 1\nfi\n# This output is used by Xcode 'outputs' to avoid re-running this script phase.\necho \"SUCCESS\" > \"${SCRIPT_OUTPUT_FILE_0}\"\n";
			showEnvVarsInLog = 0;
		};
/* End PBXShellScriptBuildPhase section */

/* Begin PBXSourcesBuildPhase section */
		6BB60264298A84D300F8C24D /* Sources */ = {
			isa = PBXSourcesBuildPhase;
			buildActionMask = 2147483647;
			files = (
				6BB60298298A8A8F00F8C24D /* SearchScreenView.swift in Sources */,
				6BB6026C298A84D300F8C24D /* AppDelegate.swift in Sources */,
				6BB60297298A8A8F00F8C24D /* SearchViewController.swift in Sources */,
				6BB60290298A8A7C00F8C24D /* BaseTableCell.swift in Sources */,
				6BB6026E298A84D300F8C24D /* SceneDelegate.swift in Sources */,
				6BB6029E298A8AB300F8C24D /* UIView+Extension.swift in Sources */,
				6BB60294298A8A8700F8C24D /* ProfileViewController.swift in Sources */,
				6BB6029B298A8AA400F8C24D /* Repository.swift in Sources */,
				6BB60293298A8A8700F8C24D /* ProfileScreenView.swift in Sources */,
				6BB6028F298A8A7C00F8C24D /* BaseView.swift in Sources */,
				6BB6029C298A8AA400F8C24D /* User.swift in Sources */,
			);
			runOnlyForDeploymentPostprocessing = 0;
		};
/* End PBXSourcesBuildPhase section */

/* Begin PBXVariantGroup section */
		6BB60276298A84D400F8C24D /* LaunchScreen.storyboard */ = {
			isa = PBXVariantGroup;
			children = (
				6BB60277298A84D400F8C24D /* Base */,
			);
			name = LaunchScreen.storyboard;
			sourceTree = "<group>";
		};
/* End PBXVariantGroup section */

/* Begin XCBuildConfiguration section */
		6BB6027A298A84D400F8C24D /* Debug */ = {
			isa = XCBuildConfiguration;
			buildSettings = {
				ALWAYS_SEARCH_USER_PATHS = NO;
				CLANG_ANALYZER_NONNULL = YES;
				CLANG_ANALYZER_NUMBER_OBJECT_CONVERSION = YES_AGGRESSIVE;
				CLANG_CXX_LANGUAGE_STANDARD = "gnu++17";
				CLANG_ENABLE_MODULES = YES;
				CLANG_ENABLE_OBJC_ARC = YES;
				CLANG_ENABLE_OBJC_WEAK = YES;
				CLANG_WARN_BLOCK_CAPTURE_AUTORELEASING = YES;
				CLANG_WARN_BOOL_CONVERSION = YES;
				CLANG_WARN_COMMA = YES;
				CLANG_WARN_CONSTANT_CONVERSION = YES;
				CLANG_WARN_DEPRECATED_OBJC_IMPLEMENTATIONS = YES;
				CLANG_WARN_DIRECT_OBJC_ISA_USAGE = YES_ERROR;
				CLANG_WARN_DOCUMENTATION_COMMENTS = YES;
				CLANG_WARN_EMPTY_BODY = YES;
				CLANG_WARN_ENUM_CONVERSION = YES;
				CLANG_WARN_INFINITE_RECURSION = YES;
				CLANG_WARN_INT_CONVERSION = YES;
				CLANG_WARN_NON_LITERAL_NULL_CONVERSION = YES;
				CLANG_WARN_OBJC_IMPLICIT_RETAIN_SELF = YES;
				CLANG_WARN_OBJC_LITERAL_CONVERSION = YES;
				CLANG_WARN_OBJC_ROOT_CLASS = YES_ERROR;
				CLANG_WARN_QUOTED_INCLUDE_IN_FRAMEWORK_HEADER = YES;
				CLANG_WARN_RANGE_LOOP_ANALYSIS = YES;
				CLANG_WARN_STRICT_PROTOTYPES = YES;
				CLANG_WARN_SUSPICIOUS_MOVE = YES;
				CLANG_WARN_UNGUARDED_AVAILABILITY = YES_AGGRESSIVE;
				CLANG_WARN_UNREACHABLE_CODE = YES;
				CLANG_WARN__DUPLICATE_METHOD_MATCH = YES;
				COPY_PHASE_STRIP = NO;
				DEBUG_INFORMATION_FORMAT = dwarf;
				ENABLE_STRICT_OBJC_MSGSEND = YES;
				ENABLE_TESTABILITY = YES;
				GCC_C_LANGUAGE_STANDARD = gnu11;
				GCC_DYNAMIC_NO_PIC = NO;
				GCC_NO_COMMON_BLOCKS = YES;
				GCC_OPTIMIZATION_LEVEL = 0;
				GCC_PREPROCESSOR_DEFINITIONS = (
					"DEBUG=1",
					"$(inherited)",
				);
				GCC_WARN_64_TO_32_BIT_CONVERSION = YES;
				GCC_WARN_ABOUT_RETURN_TYPE = YES_ERROR;
				GCC_WARN_UNDECLARED_SELECTOR = YES;
				GCC_WARN_UNINITIALIZED_AUTOS = YES_AGGRESSIVE;
				GCC_WARN_UNUSED_FUNCTION = YES;
				GCC_WARN_UNUSED_VARIABLE = YES;
				IPHONEOS_DEPLOYMENT_TARGET = 15.5;
				MTL_ENABLE_DEBUG_INFO = INCLUDE_SOURCE;
				MTL_FAST_MATH = YES;
				ONLY_ACTIVE_ARCH = YES;
				SDKROOT = iphoneos;
				SWIFT_ACTIVE_COMPILATION_CONDITIONS = DEBUG;
				SWIFT_OPTIMIZATION_LEVEL = "-Onone";
			};
			name = Debug;
		};
		6BB6027B298A84D400F8C24D /* Release */ = {
			isa = XCBuildConfiguration;
			buildSettings = {
				ALWAYS_SEARCH_USER_PATHS = NO;
				CLANG_ANALYZER_NONNULL = YES;
				CLANG_ANALYZER_NUMBER_OBJECT_CONVERSION = YES_AGGRESSIVE;
				CLANG_CXX_LANGUAGE_STANDARD = "gnu++17";
				CLANG_ENABLE_MODULES = YES;
				CLANG_ENABLE_OBJC_ARC = YES;
				CLANG_ENABLE_OBJC_WEAK = YES;
				CLANG_WARN_BLOCK_CAPTURE_AUTORELEASING = YES;
				CLANG_WARN_BOOL_CONVERSION = YES;
				CLANG_WARN_COMMA = YES;
				CLANG_WARN_CONSTANT_CONVERSION = YES;
				CLANG_WARN_DEPRECATED_OBJC_IMPLEMENTATIONS = YES;
				CLANG_WARN_DIRECT_OBJC_ISA_USAGE = YES_ERROR;
				CLANG_WARN_DOCUMENTATION_COMMENTS = YES;
				CLANG_WARN_EMPTY_BODY = YES;
				CLANG_WARN_ENUM_CONVERSION = YES;
				CLANG_WARN_INFINITE_RECURSION = YES;
				CLANG_WARN_INT_CONVERSION = YES;
				CLANG_WARN_NON_LITERAL_NULL_CONVERSION = YES;
				CLANG_WARN_OBJC_IMPLICIT_RETAIN_SELF = YES;
				CLANG_WARN_OBJC_LITERAL_CONVERSION = YES;
				CLANG_WARN_OBJC_ROOT_CLASS = YES_ERROR;
				CLANG_WARN_QUOTED_INCLUDE_IN_FRAMEWORK_HEADER = YES;
				CLANG_WARN_RANGE_LOOP_ANALYSIS = YES;
				CLANG_WARN_STRICT_PROTOTYPES = YES;
				CLANG_WARN_SUSPICIOUS_MOVE = YES;
				CLANG_WARN_UNGUARDED_AVAILABILITY = YES_AGGRESSIVE;
				CLANG_WARN_UNREACHABLE_CODE = YES;
				CLANG_WARN__DUPLICATE_METHOD_MATCH = YES;
				COPY_PHASE_STRIP = NO;
				DEBUG_INFORMATION_FORMAT = "dwarf-with-dsym";
				ENABLE_NS_ASSERTIONS = NO;
				ENABLE_STRICT_OBJC_MSGSEND = YES;
				GCC_C_LANGUAGE_STANDARD = gnu11;
				GCC_NO_COMMON_BLOCKS = YES;
				GCC_WARN_64_TO_32_BIT_CONVERSION = YES;
				GCC_WARN_ABOUT_RETURN_TYPE = YES_ERROR;
				GCC_WARN_UNDECLARED_SELECTOR = YES;
				GCC_WARN_UNINITIALIZED_AUTOS = YES_AGGRESSIVE;
				GCC_WARN_UNUSED_FUNCTION = YES;
				GCC_WARN_UNUSED_VARIABLE = YES;
				IPHONEOS_DEPLOYMENT_TARGET = 15.5;
				MTL_ENABLE_DEBUG_INFO = NO;
				MTL_FAST_MATH = YES;
				SDKROOT = iphoneos;
				SWIFT_COMPILATION_MODE = wholemodule;
				SWIFT_OPTIMIZATION_LEVEL = "-O";
				VALIDATE_PRODUCT = YES;
			};
			name = Release;
		};
		6BB6027D298A84D400F8C24D /* Debug */ = {
			isa = XCBuildConfiguration;
			baseConfigurationReference = AFABF2969D28DBF7E8B2924F /* Pods-GithubViewer.debug.xcconfig */;
			buildSettings = {
				ASSETCATALOG_COMPILER_APPICON_NAME = AppIcon;
				ASSETCATALOG_COMPILER_GLOBAL_ACCENT_COLOR_NAME = AccentColor;
				CODE_SIGN_STYLE = Automatic;
				CURRENT_PROJECT_VERSION = 1;
				DEVELOPMENT_TEAM = U52XP3296U;
				GENERATE_INFOPLIST_FILE = YES;
				INFOPLIST_FILE = GithubViewer/Info.plist;
				INFOPLIST_KEY_UIApplicationSupportsIndirectInputEvents = YES;
				INFOPLIST_KEY_UILaunchStoryboardName = LaunchScreen;
				INFOPLIST_KEY_UISupportedInterfaceOrientations_iPad = "UIInterfaceOrientationPortrait UIInterfaceOrientationPortraitUpsideDown UIInterfaceOrientationLandscapeLeft UIInterfaceOrientationLandscapeRight";
				INFOPLIST_KEY_UISupportedInterfaceOrientations_iPhone = "UIInterfaceOrientationPortrait UIInterfaceOrientationLandscapeLeft UIInterfaceOrientationLandscapeRight";
				LD_RUNPATH_SEARCH_PATHS = (
					"$(inherited)",
					"@executable_path/Frameworks",
				);
				MARKETING_VERSION = 1.0;
				PRODUCT_BUNDLE_IDENTIFIER = br.com.bigrocket.GithubViewer;
				PRODUCT_NAME = "$(TARGET_NAME)";
				SWIFT_EMIT_LOC_STRINGS = YES;
				SWIFT_VERSION = 5.0;
				TARGETED_DEVICE_FAMILY = "1,2";
			};
			name = Debug;
		};
		6BB6027E298A84D400F8C24D /* Release */ = {
			isa = XCBuildConfiguration;
			baseConfigurationReference = D106963E6A7E17FC388907A0 /* Pods-GithubViewer.release.xcconfig */;
			buildSettings = {
				ASSETCATALOG_COMPILER_APPICON_NAME = AppIcon;
				ASSETCATALOG_COMPILER_GLOBAL_ACCENT_COLOR_NAME = AccentColor;
				CODE_SIGN_STYLE = Automatic;
				CURRENT_PROJECT_VERSION = 1;
				DEVELOPMENT_TEAM = U52XP3296U;
				GENERATE_INFOPLIST_FILE = YES;
				INFOPLIST_FILE = GithubViewer/Info.plist;
				INFOPLIST_KEY_UIApplicationSupportsIndirectInputEvents = YES;
				INFOPLIST_KEY_UILaunchStoryboardName = LaunchScreen;
				INFOPLIST_KEY_UISupportedInterfaceOrientations_iPad = "UIInterfaceOrientationPortrait UIInterfaceOrientationPortraitUpsideDown UIInterfaceOrientationLandscapeLeft UIInterfaceOrientationLandscapeRight";
				INFOPLIST_KEY_UISupportedInterfaceOrientations_iPhone = "UIInterfaceOrientationPortrait UIInterfaceOrientationLandscapeLeft UIInterfaceOrientationLandscapeRight";
				LD_RUNPATH_SEARCH_PATHS = (
					"$(inherited)",
					"@executable_path/Frameworks",
				);
				MARKETING_VERSION = 1.0;
				PRODUCT_BUNDLE_IDENTIFIER = br.com.bigrocket.GithubViewer;
				PRODUCT_NAME = "$(TARGET_NAME)";
				SWIFT_EMIT_LOC_STRINGS = YES;
				SWIFT_VERSION = 5.0;
				TARGETED_DEVICE_FAMILY = "1,2";
			};
			name = Release;
		};
/* End XCBuildConfiguration section */

/* Begin XCConfigurationList section */
		6BB60263298A84D300F8C24D /* Build configuration list for PBXProject "GithubViewer" */ = {
			isa = XCConfigurationList;
			buildConfigurations = (
				6BB6027A298A84D400F8C24D /* Debug */,
				6BB6027B298A84D400F8C24D /* Release */,
			);
			defaultConfigurationIsVisible = 0;
			defaultConfigurationName = Release;
		};
		6BB6027C298A84D400F8C24D /* Build configuration list for PBXNativeTarget "GithubViewer" */ = {
			isa = XCConfigurationList;
			buildConfigurations = (
				6BB6027D298A84D400F8C24D /* Debug */,
				6BB6027E298A84D400F8C24D /* Release */,
			);
			defaultConfigurationIsVisible = 0;
			defaultConfigurationName = Release;
		};
/* End XCConfigurationList section */
	};
	rootObject = 6BB60260298A84D300F8C24D /* Project object */;
}
